// !$*UTF8*$!
{
	archiveVersion = 1;
	classes = {
	};
	objectVersion = 46;
	objects = {

/* Begin PBXBuildFile section */
		2D02FEAC1BD5EC8C004E5558 /* AppDelegate.swift in Sources */ = {isa = PBXBuildFile; fileRef = 2D02FEAB1BD5EC8C004E5558 /* AppDelegate.swift */; };
		2D02FEAE1BD5EC8C004E5558 /* Assets.xcassets in Resources */ = {isa = PBXBuildFile; fileRef = 2D02FEAD1BD5EC8C004E5558 /* Assets.xcassets */; };
		2D02FEB11BD5EC8C004E5558 /* MainMenu.xib in Resources */ = {isa = PBXBuildFile; fileRef = 2D02FEAF1BD5EC8C004E5558 /* MainMenu.xib */; };
		2D02FEBC1BD5EC8C004E5558 /* DynamicViewAddTests.swift in Sources */ = {isa = PBXBuildFile; fileRef = 2D02FEBB1BD5EC8C004E5558 /* DynamicViewAddTests.swift */; };
		2D02FEC71BD5EC8C004E5558 /* DynamicViewAddUITests.swift in Sources */ = {isa = PBXBuildFile; fileRef = 2D02FEC61BD5EC8C004E5558 /* DynamicViewAddUITests.swift */; };
		2D02FED61BD5ECB3004E5558 /* MainWindowController.swift in Sources */ = {isa = PBXBuildFile; fileRef = 2D02FED41BD5ECB3004E5558 /* MainWindowController.swift */; settings = {ASSET_TAGS = (); }; };
		2D02FED71BD5ECB3004E5558 /* MainWindowController.xib in Resources */ = {isa = PBXBuildFile; fileRef = 2D02FED51BD5ECB3004E5558 /* MainWindowController.xib */; settings = {ASSET_TAGS = (); }; };
/* End PBXBuildFile section */

/* Begin PBXContainerItemProxy section */
		2D02FEB81BD5EC8C004E5558 /* PBXContainerItemProxy */ = {
			isa = PBXContainerItemProxy;
			containerPortal = 2D02FEA01BD5EC8C004E5558 /* Project object */;
			proxyType = 1;
			remoteGlobalIDString = 2D02FEA71BD5EC8C004E5558;
			remoteInfo = DynamicViewAdd;
		};
		2D02FEC31BD5EC8C004E5558 /* PBXContainerItemProxy */ = {
			isa = PBXContainerItemProxy;
			containerPortal = 2D02FEA01BD5EC8C004E5558 /* Project object */;
			proxyType = 1;
			remoteGlobalIDString = 2D02FEA71BD5EC8C004E5558;
			remoteInfo = DynamicViewAdd;
		};
/* End PBXContainerItemProxy section */

/* Begin PBXFileReference section */
		2D02FEA81BD5EC8C004E5558 /* DynamicViewAdd.app */ = {isa = PBXFileReference; explicitFileType = wrapper.application; includeInIndex = 0; path = DynamicViewAdd.app; sourceTree = BUILT_PRODUCTS_DIR; };
		2D02FEAB1BD5EC8C004E5558 /* AppDelegate.swift */ = {isa = PBXFileReference; lastKnownFileType = sourcecode.swift; path = AppDelegate.swift; sourceTree = "<group>"; };
		2D02FEAD1BD5EC8C004E5558 /* Assets.xcassets */ = {isa = PBXFileReference; lastKnownFileType = folder.assetcatalog; path = Assets.xcassets; sourceTree = "<group>"; };
		2D02FEB01BD5EC8C004E5558 /* Base */ = {isa = PBXFileReference; lastKnownFileType = file.xib; name = Base; path = Base.lproj/MainMenu.xib; sourceTree = "<group>"; };
		2D02FEB21BD5EC8C004E5558 /* Info.plist */ = {isa = PBXFileReference; lastKnownFileType = text.plist.xml; path = Info.plist; sourceTree = "<group>"; };
		2D02FEB71BD5EC8C004E5558 /* DynamicViewAddTests.xctest */ = {isa = PBXFileReference; explicitFileType = wrapper.cfbundle; includeInIndex = 0; path = DynamicViewAddTests.xctest; sourceTree = BUILT_PRODUCTS_DIR; };
		2D02FEBB1BD5EC8C004E5558 /* DynamicViewAddTests.swift */ = {isa = PBXFileReference; lastKnownFileType = sourcecode.swift; path = DynamicViewAddTests.swift; sourceTree = "<group>"; };
		2D02FEBD1BD5EC8C004E5558 /* Info.plist */ = {isa = PBXFileReference; lastKnownFileType = text.plist.xml; path = Info.plist; sourceTree = "<group>"; };
		2D02FEC21BD5EC8C004E5558 /* DynamicViewAddUITests.xctest */ = {isa = PBXFileReference; explicitFileType = wrapper.cfbundle; includeInIndex = 0; path = DynamicViewAddUITests.xctest; sourceTree = BUILT_PRODUCTS_DIR; };
		2D02FEC61BD5EC8C004E5558 /* DynamicViewAddUITests.swift */ = {isa = PBXFileReference; lastKnownFileType = sourcecode.swift; path = DynamicViewAddUITests.swift; sourceTree = "<group>"; };
		2D02FEC81BD5EC8C004E5558 /* Info.plist */ = {isa = PBXFileReference; lastKnownFileType = text.plist.xml; path = Info.plist; sourceTree = "<group>"; };
		2D02FED41BD5ECB3004E5558 /* MainWindowController.swift */ = {isa = PBXFileReference; fileEncoding = 4; lastKnownFileType = sourcecode.swift; path = MainWindowController.swift; sourceTree = "<group>"; };
		2D02FED51BD5ECB3004E5558 /* MainWindowController.xib */ = {isa = PBXFileReference; fileEncoding = 4; lastKnownFileType = file.xib; path = MainWindowController.xib; sourceTree = "<group>"; };
/* End PBXFileReference section */

/* Begin PBXFrameworksBuildPhase section */
		2D02FEA51BD5EC8C004E5558 /* Frameworks */ = {
			isa = PBXFrameworksBuildPhase;
			buildActionMask = 2147483647;
			files = (
			);
			runOnlyForDeploymentPostprocessing = 0;
		};
		2D02FEB41BD5EC8C004E5558 /* Frameworks */ = {
			isa = PBXFrameworksBuildPhase;
			buildActionMask = 2147483647;
			files = (
			);
			runOnlyForDeploymentPostprocessing = 0;
		};
		2D02FEBF1BD5EC8C004E5558 /* Frameworks */ = {
			isa = PBXFrameworksBuildPhase;
			buildActionMask = 2147483647;
			files = (
			);
			runOnlyForDeploymentPostprocessing = 0;
		};
/* End PBXFrameworksBuildPhase section */

/* Begin PBXGroup section */
		2D02FE9F1BD5EC8C004E5558 = {
			isa = PBXGroup;
			children = (
				2D02FEAA1BD5EC8C004E5558 /* DynamicViewAdd */,
				2D02FEBA1BD5EC8C004E5558 /* DynamicViewAddTests */,
				2D02FEC51BD5EC8C004E5558 /* DynamicViewAddUITests */,
				2D02FEA91BD5EC8C004E5558 /* Products */,
			);
			sourceTree = "<group>";
		};
		2D02FEA91BD5EC8C004E5558 /* Products */ = {
			isa = PBXGroup;
			children = (
				2D02FEA81BD5EC8C004E5558 /* DynamicViewAdd.app */,
				2D02FEB71BD5EC8C004E5558 /* DynamicViewAddTests.xctest */,
				2D02FEC21BD5EC8C004E5558 /* DynamicViewAddUITests.xctest */,
			);
			name = Products;
			sourceTree = "<group>";
		};
		2D02FEAA1BD5EC8C004E5558 /* DynamicViewAdd */ = {
			isa = PBXGroup;
			children = (
				2D02FEAB1BD5EC8C004E5558 /* AppDelegate.swift */,
				2D02FEAD1BD5EC8C004E5558 /* Assets.xcassets */,
				2D02FEAF1BD5EC8C004E5558 /* MainMenu.xib */,
				2D02FEB21BD5EC8C004E5558 /* Info.plist */,
				2D02FED41BD5ECB3004E5558 /* MainWindowController.swift */,
				2D02FED51BD5ECB3004E5558 /* MainWindowController.xib */,
			);
			path = DynamicViewAdd;
			sourceTree = "<group>";
		};
		2D02FEBA1BD5EC8C004E5558 /* DynamicViewAddTests */ = {
			isa = PBXGroup;
			children = (
				2D02FEBB1BD5EC8C004E5558 /* DynamicViewAddTests.swift */,
				2D02FEBD1BD5EC8C004E5558 /* Info.plist */,
			);
			path = DynamicViewAddTests;
			sourceTree = "<group>";
		};
		2D02FEC51BD5EC8C004E5558 /* DynamicViewAddUITests */ = {
			isa = PBXGroup;
			children = (
				2D02FEC61BD5EC8C004E5558 /* DynamicViewAddUITests.swift */,
				2D02FEC81BD5EC8C004E5558 /* Info.plist */,
			);
			path = DynamicViewAddUITests;
			sourceTree = "<group>";
		};
/* End PBXGroup section */

/* Begin PBXNativeTarget section */
		2D02FEA71BD5EC8C004E5558 /* DynamicViewAdd */ = {
			isa = PBXNativeTarget;
			buildConfigurationList = 2D02FECB1BD5EC8C004E5558 /* Build configuration list for PBXNativeTarget "DynamicViewAdd" */;
			buildPhases = (
				2D02FEA41BD5EC8C004E5558 /* Sources */,
				2D02FEA51BD5EC8C004E5558 /* Frameworks */,
				2D02FEA61BD5EC8C004E5558 /* Resources */,
			);
			buildRules = (
			);
			dependencies = (
			);
			name = DynamicViewAdd;
			productName = DynamicViewAdd;
			productReference = 2D02FEA81BD5EC8C004E5558 /* DynamicViewAdd.app */;
			productType = "com.apple.product-type.application";
		};
		2D02FEB61BD5EC8C004E5558 /* DynamicViewAddTests */ = {
			isa = PBXNativeTarget;
			buildConfigurationList = 2D02FECE1BD5EC8C004E5558 /* Build configuration list for PBXNativeTarget "DynamicViewAddTests" */;
			buildPhases = (
				2D02FEB31BD5EC8C004E5558 /* Sources */,
				2D02FEB41BD5EC8C004E5558 /* Frameworks */,
				2D02FEB51BD5EC8C004E5558 /* Resources */,
			);
			buildRules = (
			);
			dependencies = (
				2D02FEB91BD5EC8C004E5558 /* PBXTargetDependency */,
			);
			name = DynamicViewAddTests;
			productName = DynamicViewAddTests;
			productReference = 2D02FEB71BD5EC8C004E5558 /* DynamicViewAddTests.xctest */;
			productType = "com.apple.product-type.bundle.unit-test";
		};
		2D02FEC11BD5EC8C004E5558 /* DynamicViewAddUITests */ = {
			isa = PBXNativeTarget;
			buildConfigurationList = 2D02FED11BD5EC8C004E5558 /* Build configuration list for PBXNativeTarget "DynamicViewAddUITests" */;
			buildPhases = (
				2D02FEBE1BD5EC8C004E5558 /* Sources */,
				2D02FEBF1BD5EC8C004E5558 /* Frameworks */,
				2D02FEC01BD5EC8C004E5558 /* Resources */,
			);
			buildRules = (
			);
			dependencies = (
				2D02FEC41BD5EC8C004E5558 /* PBXTargetDependency */,
			);
			name = DynamicViewAddUITests;
			productName = DynamicViewAddUITests;
			productReference = 2D02FEC21BD5EC8C004E5558 /* DynamicViewAddUITests.xctest */;
			productType = "com.apple.product-type.bundle.ui-testing";
		};
/* End PBXNativeTarget section */

/* Begin PBXProject section */
		2D02FEA01BD5EC8C004E5558 /* Project object */ = {
			isa = PBXProject;
			attributes = {
				LastUpgradeCheck = 0700;
				ORGANIZATIONNAME = "padalingam agasthian";
				TargetAttributes = {
					2D02FEA71BD5EC8C004E5558 = {
						CreatedOnToolsVersion = 7.0.1;
					};
					2D02FEB61BD5EC8C004E5558 = {
						CreatedOnToolsVersion = 7.0.1;
						TestTargetID = 2D02FEA71BD5EC8C004E5558;
					};
					2D02FEC11BD5EC8C004E5558 = {
						CreatedOnToolsVersion = 7.0.1;
						TestTargetID = 2D02FEA71BD5EC8C004E5558;
					};
				};
			};
			buildConfigurationList = 2D02FEA31BD5EC8C004E5558 /* Build configuration list for PBXProject "DynamicViewAdd" */;
			compatibilityVersion = "Xcode 3.2";
			developmentRegion = English;
			hasScannedForEncodings = 0;
			knownRegions = (
				en,
				Base,
			);
			mainGroup = 2D02FE9F1BD5EC8C004E5558;
			productRefGroup = 2D02FEA91BD5EC8C004E5558 /* Products */;
			projectDirPath = "";
			projectRoot = "";
			targets = (
				2D02FEA71BD5EC8C004E5558 /* DynamicViewAdd */,
				2D02FEB61BD5EC8C004E5558 /* DynamicViewAddTests */,
				2D02FEC11BD5EC8C004E5558 /* DynamicViewAddUITests */,
			);
		};
/* End PBXProject section */

/* Begin PBXResourcesBuildPhase section */
		2D02FEA61BD5EC8C004E5558 /* Resources */ = {
			isa = PBXResourcesBuildPhase;
			buildActionMask = 2147483647;
			files = (
				2D02FEAE1BD5EC8C004E5558 /* Assets.xcassets in Resources */,
				2D02FED71BD5ECB3004E5558 /* MainWindowController.xib in Resources */,
				2D02FEB11BD5EC8C004E5558 /* MainMenu.xib in Resources */,
			);
			runOnlyForDeploymentPostprocessing = 0;
		};
		2D02FEB51BD5EC8C004E5558 /* Resources */ = {
			isa = PBXResourcesBuildPhase;
			buildActionMask = 2147483647;
			files = (
			);
			runOnlyForDeploymentPostprocessing = 0;
		};
		2D02FEC01BD5EC8C004E5558 /* Resources */ = {
			isa = PBXResourcesBuildPhase;
			buildActionMask = 2147483647;
			files = (
			);
			runOnlyForDeploymentPostprocessing = 0;
		};
/* End PBXResourcesBuildPhase section */

/* Begin PBXSourcesBuildPhase section */
		2D02FEA41BD5EC8C004E5558 /* Sources */ = {
			isa = PBXSourcesBuildPhase;
			buildActionMask = 2147483647;
			files = (
				2D02FED61BD5ECB3004E5558 /* MainWindowController.swift in Sources */,
				2D02FEAC1BD5EC8C004E5558 /* AppDelegate.swift in Sources */,
			);
			runOnlyForDeploymentPostprocessing = 0;
		};
		2D02FEB31BD5EC8C004E5558 /* Sources */ = {
			isa = PBXSourcesBuildPhase;
			buildActionMask = 2147483647;
			files = (
				2D02FEBC1BD5EC8C004E5558 /* DynamicViewAddTests.swift in Sources */,
			);
			runOnlyForDeploymentPostprocessing = 0;
		};
		2D02FEBE1BD5EC8C004E5558 /* Sources */ = {
			isa = PBXSourcesBuildPhase;
			buildActionMask = 2147483647;
			files = (
				2D02FEC71BD5EC8C004E5558 /* DynamicViewAddUITests.swift in Sources */,
			);
			runOnlyForDeploymentPostprocessing = 0;
		};
/* End PBXSourcesBuildPhase section */

/* Begin PBXTargetDependency section */
		2D02FEB91BD5EC8C004E5558 /* PBXTargetDependency */ = {
			isa = PBXTargetDependency;
			target = 2D02FEA71BD5EC8C004E5558 /* DynamicViewAdd */;
			targetProxy = 2D02FEB81BD5EC8C004E5558 /* PBXContainerItemProxy */;
		};
		2D02FEC41BD5EC8C004E5558 /* PBXTargetDependency */ = {
			isa = PBXTargetDependency;
			target = 2D02FEA71BD5EC8C004E5558 /* DynamicViewAdd */;
			targetProxy = 2D02FEC31BD5EC8C004E5558 /* PBXContainerItemProxy */;
		};
/* End PBXTargetDependency section */

/* Begin PBXVariantGroup section */
		2D02FEAF1BD5EC8C004E5558 /* MainMenu.xib */ = {
			isa = PBXVariantGroup;
			children = (
				2D02FEB01BD5EC8C004E5558 /* Base */,
			);
			name = MainMenu.xib;
			sourceTree = "<group>";
		};
/* End PBXVariantGroup section */

/* Begin XCBuildConfiguration section */
		2D02FEC91BD5EC8C004E5558 /* Debug */ = {
			isa = XCBuildConfiguration;
			buildSettings = {
				ALWAYS_SEARCH_USER_PATHS = NO;
				CLANG_CXX_LANGUAGE_STANDARD = "gnu++0x";
				CLANG_CXX_LIBRARY = "libc++";
				CLANG_ENABLE_MODULES = YES;
				CLANG_ENABLE_OBJC_ARC = YES;
				CLANG_WARN_BOOL_CONVERSION = YES;
				CLANG_WARN_CONSTANT_CONVERSION = YES;
				CLANG_WARN_DIRECT_OBJC_ISA_USAGE = YES_ERROR;
				CLANG_WARN_EMPTY_BODY = YES;
				CLANG_WARN_ENUM_CONVERSION = YES;
				CLANG_WARN_INT_CONVERSION = YES;
				CLANG_WARN_OBJC_ROOT_CLASS = YES_ERROR;
				CLANG_WARN_UNREACHABLE_CODE = YES;
				CLANG_WARN__DUPLICATE_METHOD_MATCH = YES;
				CODE_SIGN_IDENTITY = "-";
				COPY_PHASE_STRIP = NO;
				DEBUG_INFORMATION_FORMAT = dwarf;
				ENABLE_STRICT_OBJC_MSGSEND = YES;
				ENABLE_TESTABILITY = YES;
				GCC_C_LANGUAGE_STANDARD = gnu99;
				GCC_DYNAMIC_NO_PIC = NO;
				GCC_NO_COMMON_BLOCKS = YES;
				GCC_OPTIMIZATION_LEVEL = 0;
				GCC_PREPROCESSOR_DEFINITIONS = (
					"DEBUG=1",
					"$(inherited)",
				);
				GCC_WARN_64_TO_32_BIT_CONVERSION = YES;
				GCC_WARN_ABOUT_RETURN_TYPE = YES_ERROR;
				GCC_WARN_UNDECLARED_SELECTOR = YES;
				GCC_WARN_UNINITIALIZED_AUTOS = YES_AGGRESSIVE;
				GCC_WARN_UNUSED_FUNCTION = YES;
				GCC_WARN_UNUSED_VARIABLE = YES;
				MACOSX_DEPLOYMENT_TARGET = 10.11;
				MTL_ENABLE_DEBUG_INFO = YES;
				ONLY_ACTIVE_ARCH = YES;
				SDKROOT = macosx;
				SWIFT_OPTIMIZATION_LEVEL = "-Onone";
			};
			name = Debug;
		};
		2D02FECA1BD5EC8C004E5558 /* Release */ = {
			isa = XCBuildConfiguration;
			buildSettings = {
				ALWAYS_SEARCH_USER_PATHS = NO;
				CLANG_CXX_LANGUAGE_STANDARD = "gnu++0x";
				CLANG_CXX_LIBRARY = "libc++";
				CLANG_ENABLE_MODULES = YES;
				CLANG_ENABLE_OBJC_ARC = YES;
				CLANG_WARN_BOOL_CONVERSION = YES;
				CLANG_WARN_CONSTANT_CONVERSION = YES;
				CLANG_WARN_DIRECT_OBJC_ISA_USAGE = YES_ERROR;
				CLANG_WARN_EMPTY_BODY = YES;
				CLANG_WARN_ENUM_CONVERSION = YES;
				CLANG_WARN_INT_CONVERSION = YES;
				CLANG_WARN_OBJC_ROOT_CLASS = YES_ERROR;
				CLANG_WARN_UNREACHABLE_CODE = YES;
				CLANG_WARN__DUPLICATE_METHOD_MATCH = YES;
				CODE_SIGN_IDENTITY = "-";
				COPY_PHASE_STRIP = NO;
				DEBUG_INFORMATION_FORMAT = "dwarf-with-dsym";
				ENABLE_NS_ASSERTIONS = NO;
				ENABLE_STRICT_OBJC_MSGSEND = YES;
				GCC_C_LANGUAGE_STANDARD = gnu99;
				GCC_NO_COMMON_BLOCKS = YES;
				GCC_WARN_64_TO_32_BIT_CONVERSION = YES;
				GCC_WARN_ABOUT_RETURN_TYPE = YES_ERROR;
				GCC_WARN_UNDECLARED_SELECTOR = YES;
				GCC_WARN_UNINITIALIZED_AUTOS = YES_AGGRESSIVE;
				GCC_WARN_UNUSED_FUNCTION = YES;
				GCC_WARN_UNUSED_VARIABLE = YES;
				MACOSX_DEPLOYMENT_TARGET = 10.11;
				MTL_ENABLE_DEBUG_INFO = NO;
				SDKROOT = macosx;
			};
			name = Release;
		};
		2D02FECC1BD5EC8C004E5558 /* Debug */ = {
			isa = XCBuildConfiguration;
			buildSettings = {
				ASSETCATALOG_COMPILER_APPICON_NAME = AppIcon;
				COMBINE_HIDPI_IMAGES = YES;
				INFOPLIST_FILE = DynamicViewAdd/Info.plist;
				LD_RUNPATH_SEARCH_PATHS = "$(inherited) @executable_path/../Frameworks";
				PRODUCT_BUNDLE_IDENTIFIER = exilant.DynamicViewAdd;
				PRODUCT_NAME = "$(TARGET_NAME)";
			};
			name = Debug;
		};
		2D02FECD1BD5EC8C004E5558 /* Release */ = {
			isa = XCBuildConfiguration;
			buildSettings = {
				ASSETCATALOG_COMPILER_APPICON_NAME = AppIcon;
				COMBINE_HIDPI_IMAGES = YES;
				INFOPLIST_FILE = DynamicViewAdd/Info.plist;
				LD_RUNPATH_SEARCH_PATHS = "$(inherited) @executable_path/../Frameworks";
				PRODUCT_BUNDLE_IDENTIFIER = exilant.DynamicViewAdd;
				PRODUCT_NAME = "$(TARGET_NAME)";
			};
			name = Release;
		};
		2D02FECF1BD5EC8C004E5558 /* Debug */ = {
			isa = XCBuildConfiguration;
			buildSettings = {
				BUNDLE_LOADER = "$(TEST_HOST)";
				COMBINE_HIDPI_IMAGES = YES;
				INFOPLIST_FILE = DynamicViewAddTests/Info.plist;
				LD_RUNPATH_SEARCH_PATHS = "$(inherited) @executable_path/../Frameworks @loader_path/../Frameworks";
				PRODUCT_BUNDLE_IDENTIFIER = exilant.DynamicViewAddTests;
				PRODUCT_NAME = "$(TARGET_NAME)";
				TEST_HOST = "$(BUILT_PRODUCTS_DIR)/DynamicViewAdd.app/Contents/MacOS/DynamicViewAdd";
			};
			name = Debug;
		};
		2D02FED01BD5EC8C004E5558 /* Release */ = {
			isa = XCBuildConfiguration;
			buildSettings = {
				BUNDLE_LOADER = "$(TEST_HOST)";
				COMBINE_HIDPI_IMAGES = YES;
				INFOPLIST_FILE = DynamicViewAddTests/Info.plist;
				LD_RUNPATH_SEARCH_PATHS = "$(inherited) @executable_path/../Frameworks @loader_path/../Frameworks";
				PRODUCT_BUNDLE_IDENTIFIER = exilant.DynamicViewAddTests;
				PRODUCT_NAME = "$(TARGET_NAME)";
				TEST_HOST = "$(BUILT_PRODUCTS_DIR)/DynamicViewAdd.app/Contents/MacOS/DynamicViewAdd";
			};
			name = Release;
		};
		2D02FED21BD5EC8C004E5558 /* Debug */ = {
			isa = XCBuildConfiguration;
			buildSettings = {
				COMBINE_HIDPI_IMAGES = YES;
				INFOPLIST_FILE = DynamicViewAddUITests/Info.plist;
				LD_RUNPATH_SEARCH_PATHS = "$(inherited) @executable_path/../Frameworks @loader_path/../Frameworks";
				PRODUCT_BUNDLE_IDENTIFIER = exilant.DynamicViewAddUITests;
				PRODUCT_NAME = "$(TARGET_NAME)";
				TEST_TARGET_NAME = DynamicViewAdd;
				USES_XCTRUNNER = YES;
			};
			name = Debug;
		};
		2D02FED31BD5EC8C004E5558 /* Release */ = {
			isa = XCBuildConfiguration;
			buildSettings = {
				COMBINE_HIDPI_IMAGES = YES;
				INFOPLIST_FILE = DynamicViewAddUITests/Info.plist;
				LD_RUNPATH_SEARCH_PATHS = "$(inherited) @executable_path/../Frameworks @loader_path/../Frameworks";
				PRODUCT_BUNDLE_IDENTIFIER = exilant.DynamicViewAddUITests;
				PRODUCT_NAME = "$(TARGET_NAME)";
				TEST_TARGET_NAME = DynamicViewAdd;
				USES_XCTRUNNER = YES;
			};
			name = Release;
		};
/* End XCBuildConfiguration section */

/* Begin XCConfigurationList section */
		2D02FEA31BD5EC8C004E5558 /* Build configuration list for PBXProject "DynamicViewAdd" */ = {
			isa = XCConfigurationList;
			buildConfigurations = (
				2D02FEC91BD5EC8C004E5558 /* Debug */,
				2D02FECA1BD5EC8C004E5558 /* Release */,
			);
			defaultConfigurationIsVisible = 0;
			defaultConfigurationName = Release;
		};
		2D02FECB1BD5EC8C004E5558 /* Build configuration list for PBXNativeTarget "DynamicViewAdd" */ = {
			isa = XCConfigurationList;
			buildConfigurations = (
				2D02FECC1BD5EC8C004E5558 /* Debug */,
				2D02FECD1BD5EC8C004E5558 /* Release */,
			);
			defaultConfigurationIsVisible = 0;
		};
		2D02FECE1BD5EC8C004E5558 /* Build configuration list for PBXNativeTarget "DynamicViewAddTests" */ = {
			isa = XCConfigurationList;
			buildConfigurations = (
				2D02FECF1BD5EC8C004E5558 /* Debug */,
				2D02FED01BD5EC8C004E5558 /* Release */,
			);
			defaultConfigurationIsVisible = 0;
		};
		2D02FED11BD5EC8C004E5558 /* Build configuration list for PBXNativeTarget "DynamicViewAddUITests" */ = {
			isa = XCConfigurationList;
			buildConfigurations = (
				2D02FED21BD5EC8C004E5558 /* Debug */,
				2D02FED31BD5EC8C004E5558 /* Release */,
			);
			defaultConfigurationIsVisible = 0;
		};
/* End XCConfigurationList section */
	};
	rootObject = 2D02FEA01BD5EC8C004E5558 /* Project object */;
}
