// !$*UTF8*$!
{
	archiveVersion = 1;
	classes = {
	};
	objectVersion = 46;
	objects = {

/* Begin PBXBuildFile section */
		2D02FE731BD4ECAE004E5558 /* AppDelegate.swift in Sources */ = {isa = PBXBuildFile; fileRef = 2D02FE721BD4ECAE004E5558 /* AppDelegate.swift */; };
		2D02FE751BD4ECAE004E5558 /* Assets.xcassets in Resources */ = {isa = PBXBuildFile; fileRef = 2D02FE741BD4ECAE004E5558 /* Assets.xcassets */; };
		2D02FE781BD4ECAE004E5558 /* MainMenu.xib in Resources */ = {isa = PBXBuildFile; fileRef = 2D02FE761BD4ECAE004E5558 /* MainMenu.xib */; };
		2D02FE831BD4ECAE004E5558 /* DynamicTabViewTests.swift in Sources */ = {isa = PBXBuildFile; fileRef = 2D02FE821BD4ECAE004E5558 /* DynamicTabViewTests.swift */; };
		2D02FE8E1BD4ECAE004E5558 /* DynamicTabViewUITests.swift in Sources */ = {isa = PBXBuildFile; fileRef = 2D02FE8D1BD4ECAE004E5558 /* DynamicTabViewUITests.swift */; };
		2D02FE9D1BD4ECD7004E5558 /* MainWindowController.swift in Sources */ = {isa = PBXBuildFile; fileRef = 2D02FE9B1BD4ECD7004E5558 /* MainWindowController.swift */; settings = {ASSET_TAGS = (); }; };
		2D02FE9E1BD4ECD7004E5558 /* MainWindowController.xib in Resources */ = {isa = PBXBuildFile; fileRef = 2D02FE9C1BD4ECD7004E5558 /* MainWindowController.xib */; settings = {ASSET_TAGS = (); }; };
/* End PBXBuildFile section */

/* Begin PBXContainerItemProxy section */
		2D02FE7F1BD4ECAE004E5558 /* PBXContainerItemProxy */ = {
			isa = PBXContainerItemProxy;
			containerPortal = 2D02FE671BD4ECAE004E5558 /* Project object */;
			proxyType = 1;
			remoteGlobalIDString = 2D02FE6E1BD4ECAE004E5558;
			remoteInfo = DynamicTabView;
		};
		2D02FE8A1BD4ECAE004E5558 /* PBXContainerItemProxy */ = {
			isa = PBXContainerItemProxy;
			containerPortal = 2D02FE671BD4ECAE004E5558 /* Project object */;
			proxyType = 1;
			remoteGlobalIDString = 2D02FE6E1BD4ECAE004E5558;
			remoteInfo = DynamicTabView;
		};
/* End PBXContainerItemProxy section */

/* Begin PBXFileReference section */
		2D02FE6F1BD4ECAE004E5558 /* DynamicTabView.app */ = {isa = PBXFileReference; explicitFileType = wrapper.application; includeInIndex = 0; path = DynamicTabView.app; sourceTree = BUILT_PRODUCTS_DIR; };
		2D02FE721BD4ECAE004E5558 /* AppDelegate.swift */ = {isa = PBXFileReference; lastKnownFileType = sourcecode.swift; path = AppDelegate.swift; sourceTree = "<group>"; };
		2D02FE741BD4ECAE004E5558 /* Assets.xcassets */ = {isa = PBXFileReference; lastKnownFileType = folder.assetcatalog; path = Assets.xcassets; sourceTree = "<group>"; };
		2D02FE771BD4ECAE004E5558 /* Base */ = {isa = PBXFileReference; lastKnownFileType = file.xib; name = Base; path = Base.lproj/MainMenu.xib; sourceTree = "<group>"; };
		2D02FE791BD4ECAE004E5558 /* Info.plist */ = {isa = PBXFileReference; lastKnownFileType = text.plist.xml; path = Info.plist; sourceTree = "<group>"; };
		2D02FE7E1BD4ECAE004E5558 /* DynamicTabViewTests.xctest */ = {isa = PBXFileReference; explicitFileType = wrapper.cfbundle; includeInIndex = 0; path = DynamicTabViewTests.xctest; sourceTree = BUILT_PRODUCTS_DIR; };
		2D02FE821BD4ECAE004E5558 /* DynamicTabViewTests.swift */ = {isa = PBXFileReference; lastKnownFileType = sourcecode.swift; path = DynamicTabViewTests.swift; sourceTree = "<group>"; };
		2D02FE841BD4ECAE004E5558 /* Info.plist */ = {isa = PBXFileReference; lastKnownFileType = text.plist.xml; path = Info.plist; sourceTree = "<group>"; };
		2D02FE891BD4ECAE004E5558 /* DynamicTabViewUITests.xctest */ = {isa = PBXFileReference; explicitFileType = wrapper.cfbundle; includeInIndex = 0; path = DynamicTabViewUITests.xctest; sourceTree = BUILT_PRODUCTS_DIR; };
		2D02FE8D1BD4ECAE004E5558 /* DynamicTabViewUITests.swift */ = {isa = PBXFileReference; lastKnownFileType = sourcecode.swift; path = DynamicTabViewUITests.swift; sourceTree = "<group>"; };
		2D02FE8F1BD4ECAE004E5558 /* Info.plist */ = {isa = PBXFileReference; lastKnownFileType = text.plist.xml; path = Info.plist; sourceTree = "<group>"; };
		2D02FE9B1BD4ECD7004E5558 /* MainWindowController.swift */ = {isa = PBXFileReference; fileEncoding = 4; lastKnownFileType = sourcecode.swift; path = MainWindowController.swift; sourceTree = "<group>"; };
		2D02FE9C1BD4ECD7004E5558 /* MainWindowController.xib */ = {isa = PBXFileReference; fileEncoding = 4; lastKnownFileType = file.xib; path = MainWindowController.xib; sourceTree = "<group>"; };
/* End PBXFileReference section */

/* Begin PBXFrameworksBuildPhase section */
		2D02FE6C1BD4ECAE004E5558 /* Frameworks */ = {
			isa = PBXFrameworksBuildPhase;
			buildActionMask = 2147483647;
			files = (
			);
			runOnlyForDeploymentPostprocessing = 0;
		};
		2D02FE7B1BD4ECAE004E5558 /* Frameworks */ = {
			isa = PBXFrameworksBuildPhase;
			buildActionMask = 2147483647;
			files = (
			);
			runOnlyForDeploymentPostprocessing = 0;
		};
		2D02FE861BD4ECAE004E5558 /* Frameworks */ = {
			isa = PBXFrameworksBuildPhase;
			buildActionMask = 2147483647;
			files = (
			);
			runOnlyForDeploymentPostprocessing = 0;
		};
/* End PBXFrameworksBuildPhase section */

/* Begin PBXGroup section */
		2D02FE661BD4ECAE004E5558 = {
			isa = PBXGroup;
			children = (
				2D02FE711BD4ECAE004E5558 /* DynamicTabView */,
				2D02FE811BD4ECAE004E5558 /* DynamicTabViewTests */,
				2D02FE8C1BD4ECAE004E5558 /* DynamicTabViewUITests */,
				2D02FE701BD4ECAE004E5558 /* Products */,
			);
			sourceTree = "<group>";
		};
		2D02FE701BD4ECAE004E5558 /* Products */ = {
			isa = PBXGroup;
			children = (
				2D02FE6F1BD4ECAE004E5558 /* DynamicTabView.app */,
				2D02FE7E1BD4ECAE004E5558 /* DynamicTabViewTests.xctest */,
				2D02FE891BD4ECAE004E5558 /* DynamicTabViewUITests.xctest */,
			);
			name = Products;
			sourceTree = "<group>";
		};
		2D02FE711BD4ECAE004E5558 /* DynamicTabView */ = {
			isa = PBXGroup;
			children = (
				2D02FE721BD4ECAE004E5558 /* AppDelegate.swift */,
				2D02FE741BD4ECAE004E5558 /* Assets.xcassets */,
				2D02FE761BD4ECAE004E5558 /* MainMenu.xib */,
				2D02FE791BD4ECAE004E5558 /* Info.plist */,
				2D02FE9B1BD4ECD7004E5558 /* MainWindowController.swift */,
				2D02FE9C1BD4ECD7004E5558 /* MainWindowController.xib */,
			);
			path = DynamicTabView;
			sourceTree = "<group>";
		};
		2D02FE811BD4ECAE004E5558 /* DynamicTabViewTests */ = {
			isa = PBXGroup;
			children = (
				2D02FE821BD4ECAE004E5558 /* DynamicTabViewTests.swift */,
				2D02FE841BD4ECAE004E5558 /* Info.plist */,
			);
			path = DynamicTabViewTests;
			sourceTree = "<group>";
		};
		2D02FE8C1BD4ECAE004E5558 /* DynamicTabViewUITests */ = {
			isa = PBXGroup;
			children = (
				2D02FE8D1BD4ECAE004E5558 /* DynamicTabViewUITests.swift */,
				2D02FE8F1BD4ECAE004E5558 /* Info.plist */,
			);
			path = DynamicTabViewUITests;
			sourceTree = "<group>";
		};
/* End PBXGroup section */

/* Begin PBXNativeTarget section */
		2D02FE6E1BD4ECAE004E5558 /* DynamicTabView */ = {
			isa = PBXNativeTarget;
			buildConfigurationList = 2D02FE921BD4ECAE004E5558 /* Build configuration list for PBXNativeTarget "DynamicTabView" */;
			buildPhases = (
				2D02FE6B1BD4ECAE004E5558 /* Sources */,
				2D02FE6C1BD4ECAE004E5558 /* Frameworks */,
				2D02FE6D1BD4ECAE004E5558 /* Resources */,
			);
			buildRules = (
			);
			dependencies = (
			);
			name = DynamicTabView;
			productName = DynamicTabView;
			productReference = 2D02FE6F1BD4ECAE004E5558 /* DynamicTabView.app */;
			productType = "com.apple.product-type.application";
		};
		2D02FE7D1BD4ECAE004E5558 /* DynamicTabViewTests */ = {
			isa = PBXNativeTarget;
			buildConfigurationList = 2D02FE951BD4ECAE004E5558 /* Build configuration list for PBXNativeTarget "DynamicTabViewTests" */;
			buildPhases = (
				2D02FE7A1BD4ECAE004E5558 /* Sources */,
				2D02FE7B1BD4ECAE004E5558 /* Frameworks */,
				2D02FE7C1BD4ECAE004E5558 /* Resources */,
			);
			buildRules = (
			);
			dependencies = (
				2D02FE801BD4ECAE004E5558 /* PBXTargetDependency */,
			);
			name = DynamicTabViewTests;
			productName = DynamicTabViewTests;
			productReference = 2D02FE7E1BD4ECAE004E5558 /* DynamicTabViewTests.xctest */;
			productType = "com.apple.product-type.bundle.unit-test";
		};
		2D02FE881BD4ECAE004E5558 /* DynamicTabViewUITests */ = {
			isa = PBXNativeTarget;
			buildConfigurationList = 2D02FE981BD4ECAE004E5558 /* Build configuration list for PBXNativeTarget "DynamicTabViewUITests" */;
			buildPhases = (
				2D02FE851BD4ECAE004E5558 /* Sources */,
				2D02FE861BD4ECAE004E5558 /* Frameworks */,
				2D02FE871BD4ECAE004E5558 /* Resources */,
			);
			buildRules = (
			);
			dependencies = (
				2D02FE8B1BD4ECAE004E5558 /* PBXTargetDependency */,
			);
			name = DynamicTabViewUITests;
			productName = DynamicTabViewUITests;
			productReference = 2D02FE891BD4ECAE004E5558 /* DynamicTabViewUITests.xctest */;
			productType = "com.apple.product-type.bundle.ui-testing";
		};
/* End PBXNativeTarget section */

/* Begin PBXProject section */
		2D02FE671BD4ECAE004E5558 /* Project object */ = {
			isa = PBXProject;
			attributes = {
				LastUpgradeCheck = 0700;
				ORGANIZATIONNAME = "padalingam agasthian";
				TargetAttributes = {
					2D02FE6E1BD4ECAE004E5558 = {
						CreatedOnToolsVersion = 7.0.1;
					};
					2D02FE7D1BD4ECAE004E5558 = {
						CreatedOnToolsVersion = 7.0.1;
						TestTargetID = 2D02FE6E1BD4ECAE004E5558;
					};
					2D02FE881BD4ECAE004E5558 = {
						CreatedOnToolsVersion = 7.0.1;
						TestTargetID = 2D02FE6E1BD4ECAE004E5558;
					};
				};
			};
			buildConfigurationList = 2D02FE6A1BD4ECAE004E5558 /* Build configuration list for PBXProject "DynamicTabView" */;
			compatibilityVersion = "Xcode 3.2";
			developmentRegion = English;
			hasScannedForEncodings = 0;
			knownRegions = (
				en,
				Base,
			);
			mainGroup = 2D02FE661BD4ECAE004E5558;
			productRefGroup = 2D02FE701BD4ECAE004E5558 /* Products */;
			projectDirPath = "";
			projectRoot = "";
			targets = (
				2D02FE6E1BD4ECAE004E5558 /* DynamicTabView */,
				2D02FE7D1BD4ECAE004E5558 /* DynamicTabViewTests */,
				2D02FE881BD4ECAE004E5558 /* DynamicTabViewUITests */,
			);
		};
/* End PBXProject section */

/* Begin PBXResourcesBuildPhase section */
		2D02FE6D1BD4ECAE004E5558 /* Resources */ = {
			isa = PBXResourcesBuildPhase;
			buildActionMask = 2147483647;
			files = (
				2D02FE751BD4ECAE004E5558 /* Assets.xcassets in Resources */,
				2D02FE9E1BD4ECD7004E5558 /* MainWindowController.xib in Resources */,
				2D02FE781BD4ECAE004E5558 /* MainMenu.xib in Resources */,
			);
			runOnlyForDeploymentPostprocessing = 0;
		};
		2D02FE7C1BD4ECAE004E5558 /* Resources */ = {
			isa = PBXResourcesBuildPhase;
			buildActionMask = 2147483647;
			files = (
			);
			runOnlyForDeploymentPostprocessing = 0;
		};
		2D02FE871BD4ECAE004E5558 /* Resources */ = {
			isa = PBXResourcesBuildPhase;
			buildActionMask = 2147483647;
			files = (
			);
			runOnlyForDeploymentPostprocessing = 0;
		};
/* End PBXResourcesBuildPhase section */

/* Begin PBXSourcesBuildPhase section */
		2D02FE6B1BD4ECAE004E5558 /* Sources */ = {
			isa = PBXSourcesBuildPhase;
			buildActionMask = 2147483647;
			files = (
				2D02FE9D1BD4ECD7004E5558 /* MainWindowController.swift in Sources */,
				2D02FE731BD4ECAE004E5558 /* AppDelegate.swift in Sources */,
			);
			runOnlyForDeploymentPostprocessing = 0;
		};
		2D02FE7A1BD4ECAE004E5558 /* Sources */ = {
			isa = PBXSourcesBuildPhase;
			buildActionMask = 2147483647;
			files = (
				2D02FE831BD4ECAE004E5558 /* DynamicTabViewTests.swift in Sources */,
			);
			runOnlyForDeploymentPostprocessing = 0;
		};
		2D02FE851BD4ECAE004E5558 /* Sources */ = {
			isa = PBXSourcesBuildPhase;
			buildActionMask = 2147483647;
			files = (
				2D02FE8E1BD4ECAE004E5558 /* DynamicTabViewUITests.swift in Sources */,
			);
			runOnlyForDeploymentPostprocessing = 0;
		};
/* End PBXSourcesBuildPhase section */

/* Begin PBXTargetDependency section */
		2D02FE801BD4ECAE004E5558 /* PBXTargetDependency */ = {
			isa = PBXTargetDependency;
			target = 2D02FE6E1BD4ECAE004E5558 /* DynamicTabView */;
			targetProxy = 2D02FE7F1BD4ECAE004E5558 /* PBXContainerItemProxy */;
		};
		2D02FE8B1BD4ECAE004E5558 /* PBXTargetDependency */ = {
			isa = PBXTargetDependency;
			target = 2D02FE6E1BD4ECAE004E5558 /* DynamicTabView */;
			targetProxy = 2D02FE8A1BD4ECAE004E5558 /* PBXContainerItemProxy */;
		};
/* End PBXTargetDependency section */

/* Begin PBXVariantGroup section */
		2D02FE761BD4ECAE004E5558 /* MainMenu.xib */ = {
			isa = PBXVariantGroup;
			children = (
				2D02FE771BD4ECAE004E5558 /* Base */,
			);
			name = MainMenu.xib;
			sourceTree = "<group>";
		};
/* End PBXVariantGroup section */

/* Begin XCBuildConfiguration section */
		2D02FE901BD4ECAE004E5558 /* Debug */ = {
			isa = XCBuildConfiguration;
			buildSettings = {
				ALWAYS_SEARCH_USER_PATHS = NO;
				CLANG_CXX_LANGUAGE_STANDARD = "gnu++0x";
				CLANG_CXX_LIBRARY = "libc++";
				CLANG_ENABLE_MODULES = YES;
				CLANG_ENABLE_OBJC_ARC = YES;
				CLANG_WARN_BOOL_CONVERSION = YES;
				CLANG_WARN_CONSTANT_CONVERSION = YES;
				CLANG_WARN_DIRECT_OBJC_ISA_USAGE = YES_ERROR;
				CLANG_WARN_EMPTY_BODY = YES;
				CLANG_WARN_ENUM_CONVERSION = YES;
				CLANG_WARN_INT_CONVERSION = YES;
				CLANG_WARN_OBJC_ROOT_CLASS = YES_ERROR;
				CLANG_WARN_UNREACHABLE_CODE = YES;
				CLANG_WARN__DUPLICATE_METHOD_MATCH = YES;
				CODE_SIGN_IDENTITY = "-";
				COPY_PHASE_STRIP = NO;
				DEBUG_INFORMATION_FORMAT = dwarf;
				ENABLE_STRICT_OBJC_MSGSEND = YES;
				ENABLE_TESTABILITY = YES;
				GCC_C_LANGUAGE_STANDARD = gnu99;
				GCC_DYNAMIC_NO_PIC = NO;
				GCC_NO_COMMON_BLOCKS = YES;
				GCC_OPTIMIZATION_LEVEL = 0;
				GCC_PREPROCESSOR_DEFINITIONS = (
					"DEBUG=1",
					"$(inherited)",
				);
				GCC_WARN_64_TO_32_BIT_CONVERSION = YES;
				GCC_WARN_ABOUT_RETURN_TYPE = YES_ERROR;
				GCC_WARN_UNDECLARED_SELECTOR = YES;
				GCC_WARN_UNINITIALIZED_AUTOS = YES_AGGRESSIVE;
				GCC_WARN_UNUSED_FUNCTION = YES;
				GCC_WARN_UNUSED_VARIABLE = YES;
				MACOSX_DEPLOYMENT_TARGET = 10.11;
				MTL_ENABLE_DEBUG_INFO = YES;
				ONLY_ACTIVE_ARCH = YES;
				SDKROOT = macosx;
				SWIFT_OPTIMIZATION_LEVEL = "-Onone";
			};
			name = Debug;
		};
		2D02FE911BD4ECAE004E5558 /* Release */ = {
			isa = XCBuildConfiguration;
			buildSettings = {
				ALWAYS_SEARCH_USER_PATHS = NO;
				CLANG_CXX_LANGUAGE_STANDARD = "gnu++0x";
				CLANG_CXX_LIBRARY = "libc++";
				CLANG_ENABLE_MODULES = YES;
				CLANG_ENABLE_OBJC_ARC = YES;
				CLANG_WARN_BOOL_CONVERSION = YES;
				CLANG_WARN_CONSTANT_CONVERSION = YES;
				CLANG_WARN_DIRECT_OBJC_ISA_USAGE = YES_ERROR;
				CLANG_WARN_EMPTY_BODY = YES;
				CLANG_WARN_ENUM_CONVERSION = YES;
				CLANG_WARN_INT_CONVERSION = YES;
				CLANG_WARN_OBJC_ROOT_CLASS = YES_ERROR;
				CLANG_WARN_UNREACHABLE_CODE = YES;
				CLANG_WARN__DUPLICATE_METHOD_MATCH = YES;
				CODE_SIGN_IDENTITY = "-";
				COPY_PHASE_STRIP = NO;
				DEBUG_INFORMATION_FORMAT = "dwarf-with-dsym";
				ENABLE_NS_ASSERTIONS = NO;
				ENABLE_STRICT_OBJC_MSGSEND = YES;
				GCC_C_LANGUAGE_STANDARD = gnu99;
				GCC_NO_COMMON_BLOCKS = YES;
				GCC_WARN_64_TO_32_BIT_CONVERSION = YES;
				GCC_WARN_ABOUT_RETURN_TYPE = YES_ERROR;
				GCC_WARN_UNDECLARED_SELECTOR = YES;
				GCC_WARN_UNINITIALIZED_AUTOS = YES_AGGRESSIVE;
				GCC_WARN_UNUSED_FUNCTION = YES;
				GCC_WARN_UNUSED_VARIABLE = YES;
				MACOSX_DEPLOYMENT_TARGET = 10.11;
				MTL_ENABLE_DEBUG_INFO = NO;
				SDKROOT = macosx;
			};
			name = Release;
		};
		2D02FE931BD4ECAE004E5558 /* Debug */ = {
			isa = XCBuildConfiguration;
			buildSettings = {
				ASSETCATALOG_COMPILER_APPICON_NAME = AppIcon;
				COMBINE_HIDPI_IMAGES = YES;
				INFOPLIST_FILE = DynamicTabView/Info.plist;
				LD_RUNPATH_SEARCH_PATHS = "$(inherited) @executable_path/../Frameworks";
				PRODUCT_BUNDLE_IDENTIFIER = exilant.DynamicTabView;
				PRODUCT_NAME = "$(TARGET_NAME)";
			};
			name = Debug;
		};
		2D02FE941BD4ECAE004E5558 /* Release */ = {
			isa = XCBuildConfiguration;
			buildSettings = {
				ASSETCATALOG_COMPILER_APPICON_NAME = AppIcon;
				COMBINE_HIDPI_IMAGES = YES;
				INFOPLIST_FILE = DynamicTabView/Info.plist;
				LD_RUNPATH_SEARCH_PATHS = "$(inherited) @executable_path/../Frameworks";
				PRODUCT_BUNDLE_IDENTIFIER = exilant.DynamicTabView;
				PRODUCT_NAME = "$(TARGET_NAME)";
			};
			name = Release;
		};
		2D02FE961BD4ECAE004E5558 /* Debug */ = {
			isa = XCBuildConfiguration;
			buildSettings = {
				BUNDLE_LOADER = "$(TEST_HOST)";
				COMBINE_HIDPI_IMAGES = YES;
				INFOPLIST_FILE = DynamicTabViewTests/Info.plist;
				LD_RUNPATH_SEARCH_PATHS = "$(inherited) @executable_path/../Frameworks @loader_path/../Frameworks";
				PRODUCT_BUNDLE_IDENTIFIER = exilant.DynamicTabViewTests;
				PRODUCT_NAME = "$(TARGET_NAME)";
				TEST_HOST = "$(BUILT_PRODUCTS_DIR)/DynamicTabView.app/Contents/MacOS/DynamicTabView";
			};
			name = Debug;
		};
		2D02FE971BD4ECAE004E5558 /* Release */ = {
			isa = XCBuildConfiguration;
			buildSettings = {
				BUNDLE_LOADER = "$(TEST_HOST)";
				COMBINE_HIDPI_IMAGES = YES;
				INFOPLIST_FILE = DynamicTabViewTests/Info.plist;
				LD_RUNPATH_SEARCH_PATHS = "$(inherited) @executable_path/../Frameworks @loader_path/../Frameworks";
				PRODUCT_BUNDLE_IDENTIFIER = exilant.DynamicTabViewTests;
				PRODUCT_NAME = "$(TARGET_NAME)";
				TEST_HOST = "$(BUILT_PRODUCTS_DIR)/DynamicTabView.app/Contents/MacOS/DynamicTabView";
			};
			name = Release;
		};
		2D02FE991BD4ECAE004E5558 /* Debug */ = {
			isa = XCBuildConfiguration;
			buildSettings = {
				COMBINE_HIDPI_IMAGES = YES;
				INFOPLIST_FILE = DynamicTabViewUITests/Info.plist;
				LD_RUNPATH_SEARCH_PATHS = "$(inherited) @executable_path/../Frameworks @loader_path/../Frameworks";
				PRODUCT_BUNDLE_IDENTIFIER = exilant.DynamicTabViewUITests;
				PRODUCT_NAME = "$(TARGET_NAME)";
				TEST_TARGET_NAME = DynamicTabView;
				USES_XCTRUNNER = YES;
			};
			name = Debug;
		};
		2D02FE9A1BD4ECAE004E5558 /* Release */ = {
			isa = XCBuildConfiguration;
			buildSettings = {
				COMBINE_HIDPI_IMAGES = YES;
				INFOPLIST_FILE = DynamicTabViewUITests/Info.plist;
				LD_RUNPATH_SEARCH_PATHS = "$(inherited) @executable_path/../Frameworks @loader_path/../Frameworks";
				PRODUCT_BUNDLE_IDENTIFIER = exilant.DynamicTabViewUITests;
				PRODUCT_NAME = "$(TARGET_NAME)";
				TEST_TARGET_NAME = DynamicTabView;
				USES_XCTRUNNER = YES;
			};
			name = Release;
		};
/* End XCBuildConfiguration section */

/* Begin XCConfigurationList section */
		2D02FE6A1BD4ECAE004E5558 /* Build configuration list for PBXProject "DynamicTabView" */ = {
			isa = XCConfigurationList;
			buildConfigurations = (
				2D02FE901BD4ECAE004E5558 /* Debug */,
				2D02FE911BD4ECAE004E5558 /* Release */,
			);
			defaultConfigurationIsVisible = 0;
			defaultConfigurationName = Release;
		};
		2D02FE921BD4ECAE004E5558 /* Build configuration list for PBXNativeTarget "DynamicTabView" */ = {
			isa = XCConfigurationList;
			buildConfigurations = (
				2D02FE931BD4ECAE004E5558 /* Debug */,
				2D02FE941BD4ECAE004E5558 /* Release */,
			);
			defaultConfigurationIsVisible = 0;
		};
		2D02FE951BD4ECAE004E5558 /* Build configuration list for PBXNativeTarget "DynamicTabViewTests" */ = {
			isa = XCConfigurationList;
			buildConfigurations = (
				2D02FE961BD4ECAE004E5558 /* Debug */,
				2D02FE971BD4ECAE004E5558 /* Release */,
			);
			defaultConfigurationIsVisible = 0;
		};
		2D02FE981BD4ECAE004E5558 /* Build configuration list for PBXNativeTarget "DynamicTabViewUITests" */ = {
			isa = XCConfigurationList;
			buildConfigurations = (
				2D02FE991BD4ECAE004E5558 /* Debug */,
				2D02FE9A1BD4ECAE004E5558 /* Release */,
			);
			defaultConfigurationIsVisible = 0;
		};
/* End XCConfigurationList section */
	};
	rootObject = 2D02FE671BD4ECAE004E5558 /* Project object */;
}
