// !$*UTF8*$!
{
	archiveVersion = 1;
	classes = {
	};
	objectVersion = 46;
	objects = {

/* Begin PBXBuildFile section */
		2D02FEE51BD751E4004E5558 /* AppDelegate.swift in Sources */ = {isa = PBXBuildFile; fileRef = 2D02FEE41BD751E4004E5558 /* AppDelegate.swift */; };
		2D02FEE71BD751E4004E5558 /* Assets.xcassets in Resources */ = {isa = PBXBuildFile; fileRef = 2D02FEE61BD751E4004E5558 /* Assets.xcassets */; };
		2D02FEEA1BD751E4004E5558 /* MainMenu.xib in Resources */ = {isa = PBXBuildFile; fileRef = 2D02FEE81BD751E4004E5558 /* MainMenu.xib */; };
		2D02FEF51BD751E4004E5558 /* UiTestingExampleTests.swift in Sources */ = {isa = PBXBuildFile; fileRef = 2D02FEF41BD751E4004E5558 /* UiTestingExampleTests.swift */; };
		2D02FF001BD751E4004E5558 /* UiTestingExampleUITests.swift in Sources */ = {isa = PBXBuildFile; fileRef = 2D02FEFF1BD751E4004E5558 /* UiTestingExampleUITests.swift */; };
/* End PBXBuildFile section */

/* Begin PBXContainerItemProxy section */
		2D02FEF11BD751E4004E5558 /* PBXContainerItemProxy */ = {
			isa = PBXContainerItemProxy;
			containerPortal = 2D02FED91BD751E4004E5558 /* Project object */;
			proxyType = 1;
			remoteGlobalIDString = 2D02FEE01BD751E4004E5558;
			remoteInfo = UiTestingExample;
		};
		2D02FEFC1BD751E4004E5558 /* PBXContainerItemProxy */ = {
			isa = PBXContainerItemProxy;
			containerPortal = 2D02FED91BD751E4004E5558 /* Project object */;
			proxyType = 1;
			remoteGlobalIDString = 2D02FEE01BD751E4004E5558;
			remoteInfo = UiTestingExample;
		};
/* End PBXContainerItemProxy section */

/* Begin PBXFileReference section */
		2D02FEE11BD751E4004E5558 /* UiTestingExample.app */ = {isa = PBXFileReference; explicitFileType = wrapper.application; includeInIndex = 0; path = UiTestingExample.app; sourceTree = BUILT_PRODUCTS_DIR; };
		2D02FEE41BD751E4004E5558 /* AppDelegate.swift */ = {isa = PBXFileReference; lastKnownFileType = sourcecode.swift; path = AppDelegate.swift; sourceTree = "<group>"; };
		2D02FEE61BD751E4004E5558 /* Assets.xcassets */ = {isa = PBXFileReference; lastKnownFileType = folder.assetcatalog; path = Assets.xcassets; sourceTree = "<group>"; };
		2D02FEE91BD751E4004E5558 /* Base */ = {isa = PBXFileReference; lastKnownFileType = file.xib; name = Base; path = Base.lproj/MainMenu.xib; sourceTree = "<group>"; };
		2D02FEEB1BD751E4004E5558 /* Info.plist */ = {isa = PBXFileReference; lastKnownFileType = text.plist.xml; path = Info.plist; sourceTree = "<group>"; };
		2D02FEF01BD751E4004E5558 /* UiTestingExampleTests.xctest */ = {isa = PBXFileReference; explicitFileType = wrapper.cfbundle; includeInIndex = 0; path = UiTestingExampleTests.xctest; sourceTree = BUILT_PRODUCTS_DIR; };
		2D02FEF41BD751E4004E5558 /* UiTestingExampleTests.swift */ = {isa = PBXFileReference; lastKnownFileType = sourcecode.swift; path = UiTestingExampleTests.swift; sourceTree = "<group>"; };
		2D02FEF61BD751E4004E5558 /* Info.plist */ = {isa = PBXFileReference; lastKnownFileType = text.plist.xml; path = Info.plist; sourceTree = "<group>"; };
		2D02FEFB1BD751E4004E5558 /* UiTestingExampleUITests.xctest */ = {isa = PBXFileReference; explicitFileType = wrapper.cfbundle; includeInIndex = 0; path = UiTestingExampleUITests.xctest; sourceTree = BUILT_PRODUCTS_DIR; };
		2D02FEFF1BD751E4004E5558 /* UiTestingExampleUITests.swift */ = {isa = PBXFileReference; lastKnownFileType = sourcecode.swift; path = UiTestingExampleUITests.swift; sourceTree = "<group>"; };
		2D02FF011BD751E4004E5558 /* Info.plist */ = {isa = PBXFileReference; lastKnownFileType = text.plist.xml; path = Info.plist; sourceTree = "<group>"; };
/* End PBXFileReference section */

/* Begin PBXFrameworksBuildPhase section */
		2D02FEDE1BD751E4004E5558 /* Frameworks */ = {
			isa = PBXFrameworksBuildPhase;
			buildActionMask = 2147483647;
			files = (
			);
			runOnlyForDeploymentPostprocessing = 0;
		};
		2D02FEED1BD751E4004E5558 /* Frameworks */ = {
			isa = PBXFrameworksBuildPhase;
			buildActionMask = 2147483647;
			files = (
			);
			runOnlyForDeploymentPostprocessing = 0;
		};
		2D02FEF81BD751E4004E5558 /* Frameworks */ = {
			isa = PBXFrameworksBuildPhase;
			buildActionMask = 2147483647;
			files = (
			);
			runOnlyForDeploymentPostprocessing = 0;
		};
/* End PBXFrameworksBuildPhase section */

/* Begin PBXGroup section */
		2D02FED81BD751E4004E5558 = {
			isa = PBXGroup;
			children = (
				2D02FEE31BD751E4004E5558 /* UiTestingExample */,
				2D02FEF31BD751E4004E5558 /* UiTestingExampleTests */,
				2D02FEFE1BD751E4004E5558 /* UiTestingExampleUITests */,
				2D02FEE21BD751E4004E5558 /* Products */,
			);
			sourceTree = "<group>";
		};
		2D02FEE21BD751E4004E5558 /* Products */ = {
			isa = PBXGroup;
			children = (
				2D02FEE11BD751E4004E5558 /* UiTestingExample.app */,
				2D02FEF01BD751E4004E5558 /* UiTestingExampleTests.xctest */,
				2D02FEFB1BD751E4004E5558 /* UiTestingExampleUITests.xctest */,
			);
			name = Products;
			sourceTree = "<group>";
		};
		2D02FEE31BD751E4004E5558 /* UiTestingExample */ = {
			isa = PBXGroup;
			children = (
				2D02FEE41BD751E4004E5558 /* AppDelegate.swift */,
				2D02FEE61BD751E4004E5558 /* Assets.xcassets */,
				2D02FEE81BD751E4004E5558 /* MainMenu.xib */,
				2D02FEEB1BD751E4004E5558 /* Info.plist */,
			);
			path = UiTestingExample;
			sourceTree = "<group>";
		};
		2D02FEF31BD751E4004E5558 /* UiTestingExampleTests */ = {
			isa = PBXGroup;
			children = (
				2D02FEF41BD751E4004E5558 /* UiTestingExampleTests.swift */,
				2D02FEF61BD751E4004E5558 /* Info.plist */,
			);
			path = UiTestingExampleTests;
			sourceTree = "<group>";
		};
		2D02FEFE1BD751E4004E5558 /* UiTestingExampleUITests */ = {
			isa = PBXGroup;
			children = (
				2D02FEFF1BD751E4004E5558 /* UiTestingExampleUITests.swift */,
				2D02FF011BD751E4004E5558 /* Info.plist */,
			);
			path = UiTestingExampleUITests;
			sourceTree = "<group>";
		};
/* End PBXGroup section */

/* Begin PBXNativeTarget section */
		2D02FEE01BD751E4004E5558 /* UiTestingExample */ = {
			isa = PBXNativeTarget;
			buildConfigurationList = 2D02FF041BD751E4004E5558 /* Build configuration list for PBXNativeTarget "UiTestingExample" */;
			buildPhases = (
				2D02FEDD1BD751E4004E5558 /* Sources */,
				2D02FEDE1BD751E4004E5558 /* Frameworks */,
				2D02FEDF1BD751E4004E5558 /* Resources */,
			);
			buildRules = (
			);
			dependencies = (
			);
			name = UiTestingExample;
			productName = UiTestingExample;
			productReference = 2D02FEE11BD751E4004E5558 /* UiTestingExample.app */;
			productType = "com.apple.product-type.application";
		};
		2D02FEEF1BD751E4004E5558 /* UiTestingExampleTests */ = {
			isa = PBXNativeTarget;
			buildConfigurationList = 2D02FF071BD751E4004E5558 /* Build configuration list for PBXNativeTarget "UiTestingExampleTests" */;
			buildPhases = (
				2D02FEEC1BD751E4004E5558 /* Sources */,
				2D02FEED1BD751E4004E5558 /* Frameworks */,
				2D02FEEE1BD751E4004E5558 /* Resources */,
			);
			buildRules = (
			);
			dependencies = (
				2D02FEF21BD751E4004E5558 /* PBXTargetDependency */,
			);
			name = UiTestingExampleTests;
			productName = UiTestingExampleTests;
			productReference = 2D02FEF01BD751E4004E5558 /* UiTestingExampleTests.xctest */;
			productType = "com.apple.product-type.bundle.unit-test";
		};
		2D02FEFA1BD751E4004E5558 /* UiTestingExampleUITests */ = {
			isa = PBXNativeTarget;
			buildConfigurationList = 2D02FF0A1BD751E4004E5558 /* Build configuration list for PBXNativeTarget "UiTestingExampleUITests" */;
			buildPhases = (
				2D02FEF71BD751E4004E5558 /* Sources */,
				2D02FEF81BD751E4004E5558 /* Frameworks */,
				2D02FEF91BD751E4004E5558 /* Resources */,
			);
			buildRules = (
			);
			dependencies = (
				2D02FEFD1BD751E4004E5558 /* PBXTargetDependency */,
			);
			name = UiTestingExampleUITests;
			productName = UiTestingExampleUITests;
			productReference = 2D02FEFB1BD751E4004E5558 /* UiTestingExampleUITests.xctest */;
			productType = "com.apple.product-type.bundle.ui-testing";
		};
/* End PBXNativeTarget section */

/* Begin PBXProject section */
		2D02FED91BD751E4004E5558 /* Project object */ = {
			isa = PBXProject;
			attributes = {
				LastUpgradeCheck = 0700;
				ORGANIZATIONNAME = "padalingam agasthian";
				TargetAttributes = {
					2D02FEE01BD751E4004E5558 = {
						CreatedOnToolsVersion = 7.0.1;
					};
					2D02FEEF1BD751E4004E5558 = {
						CreatedOnToolsVersion = 7.0.1;
						TestTargetID = 2D02FEE01BD751E4004E5558;
					};
					2D02FEFA1BD751E4004E5558 = {
						CreatedOnToolsVersion = 7.0.1;
						TestTargetID = 2D02FEE01BD751E4004E5558;
					};
				};
			};
			buildConfigurationList = 2D02FEDC1BD751E4004E5558 /* Build configuration list for PBXProject "UiTestingExample" */;
			compatibilityVersion = "Xcode 3.2";
			developmentRegion = English;
			hasScannedForEncodings = 0;
			knownRegions = (
				en,
				Base,
			);
			mainGroup = 2D02FED81BD751E4004E5558;
			productRefGroup = 2D02FEE21BD751E4004E5558 /* Products */;
			projectDirPath = "";
			projectRoot = "";
			targets = (
				2D02FEE01BD751E4004E5558 /* UiTestingExample */,
				2D02FEEF1BD751E4004E5558 /* UiTestingExampleTests */,
				2D02FEFA1BD751E4004E5558 /* UiTestingExampleUITests */,
			);
		};
/* End PBXProject section */

/* Begin PBXResourcesBuildPhase section */
		2D02FEDF1BD751E4004E5558 /* Resources */ = {
			isa = PBXResourcesBuildPhase;
			buildActionMask = 2147483647;
			files = (
				2D02FEE71BD751E4004E5558 /* Assets.xcassets in Resources */,
				2D02FEEA1BD751E4004E5558 /* MainMenu.xib in Resources */,
			);
			runOnlyForDeploymentPostprocessing = 0;
		};
		2D02FEEE1BD751E4004E5558 /* Resources */ = {
			isa = PBXResourcesBuildPhase;
			buildActionMask = 2147483647;
			files = (
			);
			runOnlyForDeploymentPostprocessing = 0;
		};
		2D02FEF91BD751E4004E5558 /* Resources */ = {
			isa = PBXResourcesBuildPhase;
			buildActionMask = 2147483647;
			files = (
			);
			runOnlyForDeploymentPostprocessing = 0;
		};
/* End PBXResourcesBuildPhase section */

/* Begin PBXSourcesBuildPhase section */
		2D02FEDD1BD751E4004E5558 /* Sources */ = {
			isa = PBXSourcesBuildPhase;
			buildActionMask = 2147483647;
			files = (
				2D02FEE51BD751E4004E5558 /* AppDelegate.swift in Sources */,
			);
			runOnlyForDeploymentPostprocessing = 0;
		};
		2D02FEEC1BD751E4004E5558 /* Sources */ = {
			isa = PBXSourcesBuildPhase;
			buildActionMask = 2147483647;
			files = (
				2D02FEF51BD751E4004E5558 /* UiTestingExampleTests.swift in Sources */,
			);
			runOnlyForDeploymentPostprocessing = 0;
		};
		2D02FEF71BD751E4004E5558 /* Sources */ = {
			isa = PBXSourcesBuildPhase;
			buildActionMask = 2147483647;
			files = (
				2D02FF001BD751E4004E5558 /* UiTestingExampleUITests.swift in Sources */,
			);
			runOnlyForDeploymentPostprocessing = 0;
		};
/* End PBXSourcesBuildPhase section */

/* Begin PBXTargetDependency section */
		2D02FEF21BD751E4004E5558 /* PBXTargetDependency */ = {
			isa = PBXTargetDependency;
			target = 2D02FEE01BD751E4004E5558 /* UiTestingExample */;
			targetProxy = 2D02FEF11BD751E4004E5558 /* PBXContainerItemProxy */;
		};
		2D02FEFD1BD751E4004E5558 /* PBXTargetDependency */ = {
			isa = PBXTargetDependency;
			target = 2D02FEE01BD751E4004E5558 /* UiTestingExample */;
			targetProxy = 2D02FEFC1BD751E4004E5558 /* PBXContainerItemProxy */;
		};
/* End PBXTargetDependency section */

/* Begin PBXVariantGroup section */
		2D02FEE81BD751E4004E5558 /* MainMenu.xib */ = {
			isa = PBXVariantGroup;
			children = (
				2D02FEE91BD751E4004E5558 /* Base */,
			);
			name = MainMenu.xib;
			sourceTree = "<group>";
		};
/* End PBXVariantGroup section */

/* Begin XCBuildConfiguration section */
		2D02FF021BD751E4004E5558 /* Debug */ = {
			isa = XCBuildConfiguration;
			buildSettings = {
				ALWAYS_SEARCH_USER_PATHS = NO;
				CLANG_CXX_LANGUAGE_STANDARD = "gnu++0x";
				CLANG_CXX_LIBRARY = "libc++";
				CLANG_ENABLE_MODULES = YES;
				CLANG_ENABLE_OBJC_ARC = YES;
				CLANG_WARN_BOOL_CONVERSION = YES;
				CLANG_WARN_CONSTANT_CONVERSION = YES;
				CLANG_WARN_DIRECT_OBJC_ISA_USAGE = YES_ERROR;
				CLANG_WARN_EMPTY_BODY = YES;
				CLANG_WARN_ENUM_CONVERSION = YES;
				CLANG_WARN_INT_CONVERSION = YES;
				CLANG_WARN_OBJC_ROOT_CLASS = YES_ERROR;
				CLANG_WARN_UNREACHABLE_CODE = YES;
				CLANG_WARN__DUPLICATE_METHOD_MATCH = YES;
				CODE_SIGN_IDENTITY = "-";
				COPY_PHASE_STRIP = NO;
				DEBUG_INFORMATION_FORMAT = dwarf;
				ENABLE_STRICT_OBJC_MSGSEND = YES;
				ENABLE_TESTABILITY = YES;
				GCC_C_LANGUAGE_STANDARD = gnu99;
				GCC_DYNAMIC_NO_PIC = NO;
				GCC_NO_COMMON_BLOCKS = YES;
				GCC_OPTIMIZATION_LEVEL = 0;
				GCC_PREPROCESSOR_DEFINITIONS = (
					"DEBUG=1",
					"$(inherited)",
				);
				GCC_WARN_64_TO_32_BIT_CONVERSION = YES;
				GCC_WARN_ABOUT_RETURN_TYPE = YES_ERROR;
				GCC_WARN_UNDECLARED_SELECTOR = YES;
				GCC_WARN_UNINITIALIZED_AUTOS = YES_AGGRESSIVE;
				GCC_WARN_UNUSED_FUNCTION = YES;
				GCC_WARN_UNUSED_VARIABLE = YES;
				MACOSX_DEPLOYMENT_TARGET = 10.11;
				MTL_ENABLE_DEBUG_INFO = YES;
				ONLY_ACTIVE_ARCH = YES;
				SDKROOT = macosx;
				SWIFT_OPTIMIZATION_LEVEL = "-Onone";
			};
			name = Debug;
		};
		2D02FF031BD751E4004E5558 /* Release */ = {
			isa = XCBuildConfiguration;
			buildSettings = {
				ALWAYS_SEARCH_USER_PATHS = NO;
				CLANG_CXX_LANGUAGE_STANDARD = "gnu++0x";
				CLANG_CXX_LIBRARY = "libc++";
				CLANG_ENABLE_MODULES = YES;
				CLANG_ENABLE_OBJC_ARC = YES;
				CLANG_WARN_BOOL_CONVERSION = YES;
				CLANG_WARN_CONSTANT_CONVERSION = YES;
				CLANG_WARN_DIRECT_OBJC_ISA_USAGE = YES_ERROR;
				CLANG_WARN_EMPTY_BODY = YES;
				CLANG_WARN_ENUM_CONVERSION = YES;
				CLANG_WARN_INT_CONVERSION = YES;
				CLANG_WARN_OBJC_ROOT_CLASS = YES_ERROR;
				CLANG_WARN_UNREACHABLE_CODE = YES;
				CLANG_WARN__DUPLICATE_METHOD_MATCH = YES;
				CODE_SIGN_IDENTITY = "-";
				COPY_PHASE_STRIP = NO;
				DEBUG_INFORMATION_FORMAT = "dwarf-with-dsym";
				ENABLE_NS_ASSERTIONS = NO;
				ENABLE_STRICT_OBJC_MSGSEND = YES;
				GCC_C_LANGUAGE_STANDARD = gnu99;
				GCC_NO_COMMON_BLOCKS = YES;
				GCC_WARN_64_TO_32_BIT_CONVERSION = YES;
				GCC_WARN_ABOUT_RETURN_TYPE = YES_ERROR;
				GCC_WARN_UNDECLARED_SELECTOR = YES;
				GCC_WARN_UNINITIALIZED_AUTOS = YES_AGGRESSIVE;
				GCC_WARN_UNUSED_FUNCTION = YES;
				GCC_WARN_UNUSED_VARIABLE = YES;
				MACOSX_DEPLOYMENT_TARGET = 10.11;
				MTL_ENABLE_DEBUG_INFO = NO;
				SDKROOT = macosx;
			};
			name = Release;
		};
		2D02FF051BD751E4004E5558 /* Debug */ = {
			isa = XCBuildConfiguration;
			buildSettings = {
				ASSETCATALOG_COMPILER_APPICON_NAME = AppIcon;
				COMBINE_HIDPI_IMAGES = YES;
				INFOPLIST_FILE = UiTestingExample/Info.plist;
				LD_RUNPATH_SEARCH_PATHS = "$(inherited) @executable_path/../Frameworks";
				PRODUCT_BUNDLE_IDENTIFIER = exilant.UiTestingExample;
				PRODUCT_NAME = "$(TARGET_NAME)";
			};
			name = Debug;
		};
		2D02FF061BD751E4004E5558 /* Release */ = {
			isa = XCBuildConfiguration;
			buildSettings = {
				ASSETCATALOG_COMPILER_APPICON_NAME = AppIcon;
				COMBINE_HIDPI_IMAGES = YES;
				INFOPLIST_FILE = UiTestingExample/Info.plist;
				LD_RUNPATH_SEARCH_PATHS = "$(inherited) @executable_path/../Frameworks";
				PRODUCT_BUNDLE_IDENTIFIER = exilant.UiTestingExample;
				PRODUCT_NAME = "$(TARGET_NAME)";
			};
			name = Release;
		};
		2D02FF081BD751E4004E5558 /* Debug */ = {
			isa = XCBuildConfiguration;
			buildSettings = {
				BUNDLE_LOADER = "$(TEST_HOST)";
				COMBINE_HIDPI_IMAGES = YES;
				INFOPLIST_FILE = UiTestingExampleTests/Info.plist;
				LD_RUNPATH_SEARCH_PATHS = "$(inherited) @executable_path/../Frameworks @loader_path/../Frameworks";
				PRODUCT_BUNDLE_IDENTIFIER = exilant.UiTestingExampleTests;
				PRODUCT_NAME = "$(TARGET_NAME)";
				TEST_HOST = "$(BUILT_PRODUCTS_DIR)/UiTestingExample.app/Contents/MacOS/UiTestingExample";
			};
			name = Debug;
		};
		2D02FF091BD751E4004E5558 /* Release */ = {
			isa = XCBuildConfiguration;
			buildSettings = {
				BUNDLE_LOADER = "$(TEST_HOST)";
				COMBINE_HIDPI_IMAGES = YES;
				INFOPLIST_FILE = UiTestingExampleTests/Info.plist;
				LD_RUNPATH_SEARCH_PATHS = "$(inherited) @executable_path/../Frameworks @loader_path/../Frameworks";
				PRODUCT_BUNDLE_IDENTIFIER = exilant.UiTestingExampleTests;
				PRODUCT_NAME = "$(TARGET_NAME)";
				TEST_HOST = "$(BUILT_PRODUCTS_DIR)/UiTestingExample.app/Contents/MacOS/UiTestingExample";
			};
			name = Release;
		};
		2D02FF0B1BD751E4004E5558 /* Debug */ = {
			isa = XCBuildConfiguration;
			buildSettings = {
				COMBINE_HIDPI_IMAGES = YES;
				INFOPLIST_FILE = UiTestingExampleUITests/Info.plist;
				LD_RUNPATH_SEARCH_PATHS = "$(inherited) @executable_path/../Frameworks @loader_path/../Frameworks";
				PRODUCT_BUNDLE_IDENTIFIER = exilant.UiTestingExampleUITests;
				PRODUCT_NAME = "$(TARGET_NAME)";
				TEST_TARGET_NAME = UiTestingExample;
				USES_XCTRUNNER = YES;
			};
			name = Debug;
		};
		2D02FF0C1BD751E4004E5558 /* Release */ = {
			isa = XCBuildConfiguration;
			buildSettings = {
				COMBINE_HIDPI_IMAGES = YES;
				INFOPLIST_FILE = UiTestingExampleUITests/Info.plist;
				LD_RUNPATH_SEARCH_PATHS = "$(inherited) @executable_path/../Frameworks @loader_path/../Frameworks";
				PRODUCT_BUNDLE_IDENTIFIER = exilant.UiTestingExampleUITests;
				PRODUCT_NAME = "$(TARGET_NAME)";
				TEST_TARGET_NAME = UiTestingExample;
				USES_XCTRUNNER = YES;
			};
			name = Release;
		};
/* End XCBuildConfiguration section */

/* Begin XCConfigurationList section */
		2D02FEDC1BD751E4004E5558 /* Build configuration list for PBXProject "UiTestingExample" */ = {
			isa = XCConfigurationList;
			buildConfigurations = (
				2D02FF021BD751E4004E5558 /* Debug */,
				2D02FF031BD751E4004E5558 /* Release */,
			);
			defaultConfigurationIsVisible = 0;
			defaultConfigurationName = Release;
		};
		2D02FF041BD751E4004E5558 /* Build configuration list for PBXNativeTarget "UiTestingExample" */ = {
			isa = XCConfigurationList;
			buildConfigurations = (
				2D02FF051BD751E4004E5558 /* Debug */,
				2D02FF061BD751E4004E5558 /* Release */,
			);
			defaultConfigurationIsVisible = 0;
		};
		2D02FF071BD751E4004E5558 /* Build configuration list for PBXNativeTarget "UiTestingExampleTests" */ = {
			isa = XCConfigurationList;
			buildConfigurations = (
				2D02FF081BD751E4004E5558 /* Debug */,
				2D02FF091BD751E4004E5558 /* Release */,
			);
			defaultConfigurationIsVisible = 0;
		};
		2D02FF0A1BD751E4004E5558 /* Build configuration list for PBXNativeTarget "UiTestingExampleUITests" */ = {
			isa = XCConfigurationList;
			buildConfigurations = (
				2D02FF0B1BD751E4004E5558 /* Debug */,
				2D02FF0C1BD751E4004E5558 /* Release */,
			);
			defaultConfigurationIsVisible = 0;
		};
/* End XCConfigurationList section */
	};
	rootObject = 2D02FED91BD751E4004E5558 /* Project object */;
}
